
Microsoft Visual Studio Solution File, Format Version 12.00
# Visual Studio Version 17
VisualStudioVersion = 17.8.34525.116
MinimumVisualStudioVersion = 10.0.40219.1
Project("{9A19103F-16F7-4668-BE54-9A1E7A4F7556}") = "SignalRGame.Server", "SignalRGame.Server\SignalRGame.Server.csproj", "{97B8857F-7231-4CB7-B891-96157FBC00A4}"
EndProject
Project("{9A19103F-16F7-4668-BE54-9A1E7A4F7556}") = "SignalRGame.Client", "..\SignalRGame.Client\SignalRGame.Client.csproj", "{A84A5980-5772-4E7D-9C24-086A12BF6F7F}"
EndProject
Project("{9A19103F-16F7-4668-BE54-9A1E7A4F7556}") = "SignalRGame.Domain", "SignalRGame.Domain\SignalRGame.Domain.csproj", "{FFB1A1B0-F6BD-427F-B9BC-12ABF81B4150}"
EndProject
Global
	GlobalSection(SolutionConfigurationPlatforms) = preSolution
		Debug|Any CPU = Debug|Any CPU
		Release|Any CPU = Release|Any CPU
	EndGlobalSection
	GlobalSection(ProjectConfigurationPlatforms) = postSolution
		{97B8857F-7231-4CB7-B891-96157FBC00A4}.Debug|Any CPU.ActiveCfg = Debug|Any CPU
		{97B8857F-7231-4CB7-B891-96157FBC00A4}.Debug|Any CPU.Build.0 = Debug|Any CPU
		{97B8857F-7231-4CB7-B891-96157FBC00A4}.Release|Any CPU.ActiveCfg = Release|Any CPU
		{97B8857F-7231-4CB7-B891-96157FBC00A4}.Release|Any CPU.Build.0 = Release|Any CPU
		{A84A5980-5772-4E7D-9C24-086A12BF6F7F}.Debug|Any CPU.ActiveCfg = Debug|Any CPU
		{A84A5980-5772-4E7D-9C24-086A12BF6F7F}.Debug|Any CPU.Build.0 = Debug|Any CPU
		{A84A5980-5772-4E7D-9C24-086A12BF6F7F}.Release|Any CPU.ActiveCfg = Release|Any CPU
		{A84A5980-5772-4E7D-9C24-086A12BF6F7F}.Release|Any CPU.Build.0 = Release|Any CPU
		{FFB1A1B0-F6BD-427F-B9BC-12ABF81B4150}.Debug|Any CPU.ActiveCfg = Debug|Any CPU
		{FFB1A1B0-F6BD-427F-B9BC-12ABF81B4150}.Debug|Any CPU.Build.0 = Debug|Any CPU
		{FFB1A1B0-F6BD-427F-B9BC-12ABF81B4150}.Release|Any CPU.ActiveCfg = Release|Any CPU
		{FFB1A1B0-F6BD-427F-B9BC-12ABF81B4150}.Release|Any CPU.Build.0 = Release|Any CPU
	EndGlobalSection
	GlobalSection(SolutionProperties) = preSolution
		HideSolutionNode = FALSE
	EndGlobalSection
	GlobalSection(ExtensibilityGlobals) = postSolution
		SolutionGuid = {D3A384D8-2820-4C0E-892F-66447ECEAEB2}
	EndGlobalSection
EndGlobal
